
Microsoft Visual Studio Solution File, Format Version 12.00
# Visual Studio Version 17
VisualStudioVersion = 17.11.35312.102
MinimumVisualStudioVersion = 10.0.40219.1
Project("{9A19103F-16F7-4668-BE54-9A1E7A4F7556}") = "Balloons", "oop 31.03\Balloons.csproj", "{19486E9F-26C0-4000-876F-7C0F8631EF9C}"
EndProject
Global
	GlobalSection(SolutionConfigurationPlatforms) = preSolution
		Debug|Any CPU = Debug|Any CPU
		Release|Any CPU = Release|Any CPU
	EndGlobalSection
	GlobalSection(ProjectConfigurationPlatforms) = postSolution
		{19486E9F-26C0-4000-876F-7C0F8631EF9C}.Debug|Any CPU.ActiveCfg = Debug|Any CPU
		{19486E9F-26C0-4000-876F-7C0F8631EF9C}.Debug|Any CPU.Build.0 = Debug|Any CPU
		{19486E9F-26C0-4000-876F-7C0F8631EF9C}.Release|Any CPU.ActiveCfg = Release|Any CPU
		{19486E9F-26C0-4000-876F-7C0F8631EF9C}.Release|Any CPU.Build.0 = Release|Any CPU
	EndGlobalSection
	GlobalSection(SolutionProperties) = preSolution
		HideSolutionNode = FALSE
	EndGlobalSection
	GlobalSection(ExtensibilityGlobals) = postSolution
		SolutionGuid = {B518C0CC-1D60-4490-BE58-E98DBBF63904}
	EndGlobalSection
EndGlobal
