
Microsoft Visual Studio Solution File, Format Version 12.00
# Visual Studio Version 17
VisualStudioVersion = 17.11.35312.102
MinimumVisualStudioVersion = 10.0.40219.1
Project("{9A19103F-16F7-4668-BE54-9A1E7A4F7556}") = "CarManager", "CarManager\CarManager.csproj", "{A53FFCF3-2365-4981-85C9-7D5CF9DF3E7A}"
EndProject
Global
	GlobalSection(SolutionConfigurationPlatforms) = preSolution
		Debug|Any CPU = Debug|Any CPU
		Release|Any CPU = Release|Any CPU
	EndGlobalSection
	GlobalSection(ProjectConfigurationPlatforms) = postSolution
		{A53FFCF3-2365-4981-85C9-7D5CF9DF3E7A}.Debug|Any CPU.ActiveCfg = Debug|Any CPU
		{A53FFCF3-2365-4981-85C9-7D5CF9DF3E7A}.Debug|Any CPU.Build.0 = Debug|Any CPU
		{A53FFCF3-2365-4981-85C9-7D5CF9DF3E7A}.Release|Any CPU.ActiveCfg = Release|Any CPU
		{A53FFCF3-2365-4981-85C9-7D5CF9DF3E7A}.Release|Any CPU.Build.0 = Release|Any CPU
	EndGlobalSection
	GlobalSection(SolutionProperties) = preSolution
		HideSolutionNode = FALSE
	EndGlobalSection
	GlobalSection(ExtensibilityGlobals) = postSolution
		SolutionGuid = {C02935FD-E8BA-47BD-B4A0-7C7D5A749097}
	EndGlobalSection
EndGlobal
